
Microsoft Visual Studio Solution File, Format Version 12.00
# Visual Studio Version 16
VisualStudioVersion = 16.0.31729.503
MinimumVisualStudioVersion = 10.0.40219.1
Project("{FAE04EC0-301F-11D3-BF4B-00C04F79EFBC}") = "SQLWinForm", "SQLWinFormFramework\SQLWinForm.csproj", "{8CFACF42-159B-4DD6-B36E-33C99E664709}"
EndProject
Global
	GlobalSection(SolutionConfigurationPlatforms) = preSolution
		Debug|Any CPU = Debug|Any CPU
		Release|Any CPU = Release|Any CPU
	EndGlobalSection
	GlobalSection(ProjectConfigurationPlatforms) = postSolution
		{8CFACF42-159B-4DD6-B36E-33C99E664709}.Debug|Any CPU.ActiveCfg = Debug|Any CPU
		{8CFACF42-159B-4DD6-B36E-33C99E664709}.Debug|Any CPU.Build.0 = Debug|Any CPU
		{8CFACF42-159B-4DD6-B36E-33C99E664709}.Release|Any CPU.ActiveCfg = Release|Any CPU
		{8CFACF42-159B-4DD6-B36E-33C99E664709}.Release|Any CPU.Build.0 = Release|Any CPU
	EndGlobalSection
	GlobalSection(SolutionProperties) = preSolution
		HideSolutionNode = FALSE
	EndGlobalSection
	GlobalSection(ExtensibilityGlobals) = postSolution
		SolutionGuid = {C6BE0A89-C70A-4711-8598-4B6A8DBC527E}
	EndGlobalSection
EndGlobal
